
Microsoft Visual Studio Solution File, Format Version 12.00
# Visual Studio Version 16
VisualStudioVersion = 16.0.29613.14
MinimumVisualStudioVersion = 10.0.40219.1
Project("{9A19103F-16F7-4668-BE54-9A1E7A4F7556}") = "IOT_Project_DAL", "IOT_Project_DAL\IOT_Project_DAL.csproj", "{3244A7A6-CE37-484A-95E9-57766CF586FA}"
EndProject
Project("{9A19103F-16F7-4668-BE54-9A1E7A4F7556}") = "IOT_Project_BLL", "IOT_Project_BLL\IOT_Project_BLL.csproj", "{CA014A03-35BB-437D-A58A-50232AC6048B}"
EndProject
Project("{9A19103F-16F7-4668-BE54-9A1E7A4F7556}") = "IOT_Project_Common", "IOT_Project_Common\IOT_Project_Common.csproj", "{12B9357E-6E15-43BF-89C4-8CE9E9FCB76E}"
EndProject
Project("{9A19103F-16F7-4668-BE54-9A1E7A4F7556}") = "IOT_Project_Api", "IOT_Project_Api\IOT_Project_Api.csproj", "{50C374B5-6B51-4C0D-B1EB-5252A9ED7169}"
EndProject
Project("{9A19103F-16F7-4668-BE54-9A1E7A4F7556}") = "IOT_Project_WebAdmin", "IOT_Project_WebAdmin\IOT_Project_WebAdmin.csproj", "{2CD9079C-CB07-44B3-B170-77DDEDEE9852}"
EndProject
Project("{FAE04EC0-301F-11D3-BF4B-00C04F79EFBC}") = "IOT_Project_Model", "IOT_Project_Model\IOT_Project_Model.csproj", "{C21E56F2-1C36-4C3A-BC4D-43F835767596}"
EndProject
Global
	GlobalSection(SolutionConfigurationPlatforms) = preSolution
		Debug|Any CPU = Debug|Any CPU
		Release|Any CPU = Release|Any CPU
	EndGlobalSection
	GlobalSection(ProjectConfigurationPlatforms) = postSolution
		{3244A7A6-CE37-484A-95E9-57766CF586FA}.Debug|Any CPU.ActiveCfg = Debug|Any CPU
		{3244A7A6-CE37-484A-95E9-57766CF586FA}.Debug|Any CPU.Build.0 = Debug|Any CPU
		{3244A7A6-CE37-484A-95E9-57766CF586FA}.Release|Any CPU.ActiveCfg = Release|Any CPU
		{3244A7A6-CE37-484A-95E9-57766CF586FA}.Release|Any CPU.Build.0 = Release|Any CPU
		{CA014A03-35BB-437D-A58A-50232AC6048B}.Debug|Any CPU.ActiveCfg = Debug|Any CPU
		{CA014A03-35BB-437D-A58A-50232AC6048B}.Debug|Any CPU.Build.0 = Debug|Any CPU
		{CA014A03-35BB-437D-A58A-50232AC6048B}.Release|Any CPU.ActiveCfg = Release|Any CPU
		{CA014A03-35BB-437D-A58A-50232AC6048B}.Release|Any CPU.Build.0 = Release|Any CPU
		{12B9357E-6E15-43BF-89C4-8CE9E9FCB76E}.Debug|Any CPU.ActiveCfg = Debug|Any CPU
		{12B9357E-6E15-43BF-89C4-8CE9E9FCB76E}.Debug|Any CPU.Build.0 = Debug|Any CPU
		{12B9357E-6E15-43BF-89C4-8CE9E9FCB76E}.Release|Any CPU.ActiveCfg = Release|Any CPU
		{12B9357E-6E15-43BF-89C4-8CE9E9FCB76E}.Release|Any CPU.Build.0 = Release|Any CPU
		{50C374B5-6B51-4C0D-B1EB-5252A9ED7169}.Debug|Any CPU.ActiveCfg = Debug|Any CPU
		{50C374B5-6B51-4C0D-B1EB-5252A9ED7169}.Debug|Any CPU.Build.0 = Debug|Any CPU
		{50C374B5-6B51-4C0D-B1EB-5252A9ED7169}.Release|Any CPU.ActiveCfg = Release|Any CPU
		{50C374B5-6B51-4C0D-B1EB-5252A9ED7169}.Release|Any CPU.Build.0 = Release|Any CPU
		{2CD9079C-CB07-44B3-B170-77DDEDEE9852}.Debug|Any CPU.ActiveCfg = Debug|Any CPU
		{2CD9079C-CB07-44B3-B170-77DDEDEE9852}.Debug|Any CPU.Build.0 = Debug|Any CPU
		{2CD9079C-CB07-44B3-B170-77DDEDEE9852}.Release|Any CPU.ActiveCfg = Release|Any CPU
		{2CD9079C-CB07-44B3-B170-77DDEDEE9852}.Release|Any CPU.Build.0 = Release|Any CPU
		{C21E56F2-1C36-4C3A-BC4D-43F835767596}.Debug|Any CPU.ActiveCfg = Debug|Any CPU
		{C21E56F2-1C36-4C3A-BC4D-43F835767596}.Debug|Any CPU.Build.0 = Debug|Any CPU
		{C21E56F2-1C36-4C3A-BC4D-43F835767596}.Release|Any CPU.ActiveCfg = Release|Any CPU
		{C21E56F2-1C36-4C3A-BC4D-43F835767596}.Release|Any CPU.Build.0 = Release|Any CPU
	EndGlobalSection
	GlobalSection(SolutionProperties) = preSolution
		HideSolutionNode = FALSE
	EndGlobalSection
	GlobalSection(ExtensibilityGlobals) = postSolution
		SolutionGuid = {395D2130-B26B-421B-B3E5-B254F259FE00}
	EndGlobalSection
EndGlobal
